
Microsoft Visual Studio Solution File, Format Version 12.00
# Visual Studio 2012
Project("{2857B73E-F847-4B02-9238-064979017E34}") = "InternationalPurchaseOrder", "InternationalPurchaseOrder\InternationalPurchaseOrder.s4xproj", "{552DAFA1-2F3B-48B9-A8F9-B321D272A793}"
EndProject
Global
	GlobalSection(SolutionConfigurationPlatforms) = preSolution
		Default|Any CPU = Default|Any CPU
	EndGlobalSection
	GlobalSection(ProjectConfigurationPlatforms) = postSolution
		{552DAFA1-2F3B-48B9-A8F9-B321D272A793}.Default|Any CPU.ActiveCfg = Default|Any CPU
		{552DAFA1-2F3B-48B9-A8F9-B321D272A793}.Default|Any CPU.Build.0 = Default|Any CPU
	EndGlobalSection
EndGlobal
